
Microsoft Visual Studio Solution File, Format Version 12.00
# Visual Studio 15
VisualStudioVersion = 15.0.27130.2027
MinimumVisualStudioVersion = 10.0.40219.1
Project("{FAE04EC0-301F-11D3-BF4B-00C04F79EFBC}") = "TOTP_Email", "TOTP_Email\TOTP_Email.csproj", "{2E007C80-1408-49B7-A5DA-C03D74DBC0C8}"
EndProject
Global
	GlobalSection(SolutionConfigurationPlatforms) = preSolution
		Debug|Any CPU = Debug|Any CPU
		Release|Any CPU = Release|Any CPU
	EndGlobalSection
	GlobalSection(ProjectConfigurationPlatforms) = postSolution
		{2E007C80-1408-49B7-A5DA-C03D74DBC0C8}.Debug|Any CPU.ActiveCfg = Debug|Any CPU
		{2E007C80-1408-49B7-A5DA-C03D74DBC0C8}.Debug|Any CPU.Build.0 = Debug|Any CPU
		{2E007C80-1408-49B7-A5DA-C03D74DBC0C8}.Release|Any CPU.ActiveCfg = Release|Any CPU
		{2E007C80-1408-49B7-A5DA-C03D74DBC0C8}.Release|Any CPU.Build.0 = Release|Any CPU
	EndGlobalSection
	GlobalSection(SolutionProperties) = preSolution
		HideSolutionNode = FALSE
	EndGlobalSection
	GlobalSection(ExtensibilityGlobals) = postSolution
		SolutionGuid = {823B4B7F-E70E-4D24-941E-0F2A2F660B96}
	EndGlobalSection
EndGlobal
