
Microsoft Visual Studio Solution File, Format Version 12.00
# Visual Studio 15
VisualStudioVersion = 15.0.28307.106
MinimumVisualStudioVersion = 10.0.40219.1
Project("{FAE04EC0-301F-11D3-BF4B-00C04F79EFBC}") = "TUT14_Logging_AuditTrails", "TUT14_Logging_AuditTrails\TUT14_Logging_AuditTrails.csproj", "{3B609A24-3BD3-48E1-88D3-A2ADC2B560CE}"
EndProject
Global
	GlobalSection(SolutionConfigurationPlatforms) = preSolution
		Debug|Any CPU = Debug|Any CPU
		Release|Any CPU = Release|Any CPU
	EndGlobalSection
	GlobalSection(ProjectConfigurationPlatforms) = postSolution
		{3B609A24-3BD3-48E1-88D3-A2ADC2B560CE}.Debug|Any CPU.ActiveCfg = Debug|Any CPU
		{3B609A24-3BD3-48E1-88D3-A2ADC2B560CE}.Debug|Any CPU.Build.0 = Debug|Any CPU
		{3B609A24-3BD3-48E1-88D3-A2ADC2B560CE}.Release|Any CPU.ActiveCfg = Release|Any CPU
		{3B609A24-3BD3-48E1-88D3-A2ADC2B560CE}.Release|Any CPU.Build.0 = Release|Any CPU
	EndGlobalSection
	GlobalSection(SolutionProperties) = preSolution
		HideSolutionNode = FALSE
	EndGlobalSection
	GlobalSection(ExtensibilityGlobals) = postSolution
		SolutionGuid = {1304875C-C166-44A9-906C-1A82892791AE}
	EndGlobalSection
EndGlobal
