
Microsoft Visual Studio Solution File, Format Version 12.00
# Visual Studio 15
VisualStudioVersion = 15.0.27130.2027
MinimumVisualStudioVersion = 10.0.40219.1
Project("{FAE04EC0-301F-11D3-BF4B-00C04F79EFBC}") = "SSO", "SSO\SSO.csproj", "{4166072F-389B-4F7F-A98E-EFA40AC8461A}"
EndProject
Global
	GlobalSection(SolutionConfigurationPlatforms) = preSolution
		Debug|Any CPU = Debug|Any CPU
		Release|Any CPU = Release|Any CPU
	EndGlobalSection
	GlobalSection(ProjectConfigurationPlatforms) = postSolution
		{4166072F-389B-4F7F-A98E-EFA40AC8461A}.Debug|Any CPU.ActiveCfg = Debug|Any CPU
		{4166072F-389B-4F7F-A98E-EFA40AC8461A}.Debug|Any CPU.Build.0 = Debug|Any CPU
		{4166072F-389B-4F7F-A98E-EFA40AC8461A}.Release|Any CPU.ActiveCfg = Release|Any CPU
		{4166072F-389B-4F7F-A98E-EFA40AC8461A}.Release|Any CPU.Build.0 = Release|Any CPU
	EndGlobalSection
	GlobalSection(SolutionProperties) = preSolution
		HideSolutionNode = FALSE
	EndGlobalSection
	GlobalSection(ExtensibilityGlobals) = postSolution
		SolutionGuid = {94B86DA4-D6D6-43DC-91FC-31CC07AFE09F}
	EndGlobalSection
EndGlobal
